
Microsoft Visual Studio Solution File, Format Version 12.00
# Visual Studio Version 16
VisualStudioVersion = 16.0.29911.84
MinimumVisualStudioVersion = 10.0.40219.1
Project("{FAE04EC0-301F-11D3-BF4B-00C04F79EFBC}") = "SpectrumNextTools.Uwp", "SpectrumNextTools.Uwp\SpectrumNextTools.Uwp.csproj", "{CDC12210-C14E-44EA-992C-DEE1DBC4E5A4}"
EndProject
Project("{9A19103F-16F7-4668-BE54-9A1E7A4F7556}") = "SpectrumNextTools.Library", "SpectrumNextTools.Library\SpectrumNextTools.Library.csproj", "{2774F1C3-EDEE-45B3-A3E0-A0C0B5795519}"
EndProject
Project("{9A19103F-16F7-4668-BE54-9A1E7A4F7556}") = "NextBmp", "NextBmp\NextBmp.csproj", "{A848BB06-32F4-4EEC-9454-9FFE572627A7}"
EndProject
Project("{9A19103F-16F7-4668-BE54-9A1E7A4F7556}") = "NextRaw", "NextRaw\NextRaw.csproj", "{C6A49DBC-D423-48DD-BDDD-644999C4936D}"
EndProject
Project("{2150E333-8FDC-42A3-9474-1A3956D46DE8}") = "01 - Console Apps", "01 - Console Apps", "{BB0A997D-E919-4482-98CF-1B20B708161A}"
EndProject
Project("{2150E333-8FDC-42A3-9474-1A3956D46DE8}") = "00 - Common", "00 - Common", "{3E1F44D3-26EA-4192-B7C4-C97DD59B7429}"
EndProject
Project("{2150E333-8FDC-42A3-9474-1A3956D46DE8}") = "02 - UWP", "02 - UWP", "{A897B7FB-C1F6-44A6-B55A-873D5B39C851}"
EndProject
Project("{2150E333-8FDC-42A3-9474-1A3956D46DE8}") = "04 - Tests", "04 - Tests", "{F3F137BD-08EA-4CF4-A48B-C26C766B2064}"
EndProject
Project("{9A19103F-16F7-4668-BE54-9A1E7A4F7556}") = "TgaReader", "TgaReader\TgaReader.csproj", "{23A87637-F6FB-4846-B3AB-2FBCE725F720}"
EndProject
Global
	GlobalSection(SolutionConfigurationPlatforms) = preSolution
		Debug|Any CPU = Debug|Any CPU
		Debug|ARM = Debug|ARM
		Debug|ARM64 = Debug|ARM64
		Debug|x64 = Debug|x64
		Debug|x86 = Debug|x86
		Release|Any CPU = Release|Any CPU
		Release|ARM = Release|ARM
		Release|ARM64 = Release|ARM64
		Release|x64 = Release|x64
		Release|x86 = Release|x86
	EndGlobalSection
	GlobalSection(ProjectConfigurationPlatforms) = postSolution
		{CDC12210-C14E-44EA-992C-DEE1DBC4E5A4}.Debug|Any CPU.ActiveCfg = Debug|x86
		{CDC12210-C14E-44EA-992C-DEE1DBC4E5A4}.Debug|ARM.ActiveCfg = Debug|ARM
		{CDC12210-C14E-44EA-992C-DEE1DBC4E5A4}.Debug|ARM.Build.0 = Debug|ARM
		{CDC12210-C14E-44EA-992C-DEE1DBC4E5A4}.Debug|ARM.Deploy.0 = Debug|ARM
		{CDC12210-C14E-44EA-992C-DEE1DBC4E5A4}.Debug|ARM64.ActiveCfg = Debug|ARM64
		{CDC12210-C14E-44EA-992C-DEE1DBC4E5A4}.Debug|ARM64.Build.0 = Debug|ARM64
		{CDC12210-C14E-44EA-992C-DEE1DBC4E5A4}.Debug|ARM64.Deploy.0 = Debug|ARM64
		{CDC12210-C14E-44EA-992C-DEE1DBC4E5A4}.Debug|x64.ActiveCfg = Debug|x64
		{CDC12210-C14E-44EA-992C-DEE1DBC4E5A4}.Debug|x64.Build.0 = Debug|x64
		{CDC12210-C14E-44EA-992C-DEE1DBC4E5A4}.Debug|x64.Deploy.0 = Debug|x64
		{CDC12210-C14E-44EA-992C-DEE1DBC4E5A4}.Debug|x86.ActiveCfg = Debug|x86
		{CDC12210-C14E-44EA-992C-DEE1DBC4E5A4}.Debug|x86.Build.0 = Debug|x86
		{CDC12210-C14E-44EA-992C-DEE1DBC4E5A4}.Debug|x86.Deploy.0 = Debug|x86
		{CDC12210-C14E-44EA-992C-DEE1DBC4E5A4}.Release|Any CPU.ActiveCfg = Release|x86
		{CDC12210-C14E-44EA-992C-DEE1DBC4E5A4}.Release|ARM.ActiveCfg = Release|ARM
		{CDC12210-C14E-44EA-992C-DEE1DBC4E5A4}.Release|ARM.Build.0 = Release|ARM
		{CDC12210-C14E-44EA-992C-DEE1DBC4E5A4}.Release|ARM.Deploy.0 = Release|ARM
		{CDC12210-C14E-44EA-992C-DEE1DBC4E5A4}.Release|ARM64.ActiveCfg = Release|ARM64
		{CDC12210-C14E-44EA-992C-DEE1DBC4E5A4}.Release|ARM64.Build.0 = Release|ARM64
		{CDC12210-C14E-44EA-992C-DEE1DBC4E5A4}.Release|ARM64.Deploy.0 = Release|ARM64
		{CDC12210-C14E-44EA-992C-DEE1DBC4E5A4}.Release|x64.ActiveCfg = Release|x64
		{CDC12210-C14E-44EA-992C-DEE1DBC4E5A4}.Release|x64.Build.0 = Release|x64
		{CDC12210-C14E-44EA-992C-DEE1DBC4E5A4}.Release|x64.Deploy.0 = Release|x64
		{CDC12210-C14E-44EA-992C-DEE1DBC4E5A4}.Release|x86.ActiveCfg = Release|x86
		{CDC12210-C14E-44EA-992C-DEE1DBC4E5A4}.Release|x86.Build.0 = Release|x86
		{CDC12210-C14E-44EA-992C-DEE1DBC4E5A4}.Release|x86.Deploy.0 = Release|x86
		{2774F1C3-EDEE-45B3-A3E0-A0C0B5795519}.Debug|Any CPU.ActiveCfg = Debug|Any CPU
		{2774F1C3-EDEE-45B3-A3E0-A0C0B5795519}.Debug|Any CPU.Build.0 = Debug|Any CPU
		{2774F1C3-EDEE-45B3-A3E0-A0C0B5795519}.Debug|ARM.ActiveCfg = Debug|Any CPU
		{2774F1C3-EDEE-45B3-A3E0-A0C0B5795519}.Debug|ARM.Build.0 = Debug|Any CPU
		{2774F1C3-EDEE-45B3-A3E0-A0C0B5795519}.Debug|ARM64.ActiveCfg = Debug|Any CPU
		{2774F1C3-EDEE-45B3-A3E0-A0C0B5795519}.Debug|ARM64.Build.0 = Debug|Any CPU
		{2774F1C3-EDEE-45B3-A3E0-A0C0B5795519}.Debug|x64.ActiveCfg = Debug|Any CPU
		{2774F1C3-EDEE-45B3-A3E0-A0C0B5795519}.Debug|x64.Build.0 = Debug|Any CPU
		{2774F1C3-EDEE-45B3-A3E0-A0C0B5795519}.Debug|x86.ActiveCfg = Debug|Any CPU
		{2774F1C3-EDEE-45B3-A3E0-A0C0B5795519}.Debug|x86.Build.0 = Debug|Any CPU
		{2774F1C3-EDEE-45B3-A3E0-A0C0B5795519}.Release|Any CPU.ActiveCfg = Release|Any CPU
		{2774F1C3-EDEE-45B3-A3E0-A0C0B5795519}.Release|Any CPU.Build.0 = Release|Any CPU
		{2774F1C3-EDEE-45B3-A3E0-A0C0B5795519}.Release|ARM.ActiveCfg = Release|Any CPU
		{2774F1C3-EDEE-45B3-A3E0-A0C0B5795519}.Release|ARM.Build.0 = Release|Any CPU
		{2774F1C3-EDEE-45B3-A3E0-A0C0B5795519}.Release|ARM64.ActiveCfg = Release|Any CPU
		{2774F1C3-EDEE-45B3-A3E0-A0C0B5795519}.Release|ARM64.Build.0 = Release|Any CPU
		{2774F1C3-EDEE-45B3-A3E0-A0C0B5795519}.Release|x64.ActiveCfg = Release|Any CPU
		{2774F1C3-EDEE-45B3-A3E0-A0C0B5795519}.Release|x64.Build.0 = Release|Any CPU
		{2774F1C3-EDEE-45B3-A3E0-A0C0B5795519}.Release|x86.ActiveCfg = Release|Any CPU
		{2774F1C3-EDEE-45B3-A3E0-A0C0B5795519}.Release|x86.Build.0 = Release|Any CPU
		{A848BB06-32F4-4EEC-9454-9FFE572627A7}.Debug|Any CPU.ActiveCfg = Debug|Any CPU
		{A848BB06-32F4-4EEC-9454-9FFE572627A7}.Debug|Any CPU.Build.0 = Debug|Any CPU
		{A848BB06-32F4-4EEC-9454-9FFE572627A7}.Debug|ARM.ActiveCfg = Debug|Any CPU
		{A848BB06-32F4-4EEC-9454-9FFE572627A7}.Debug|ARM.Build.0 = Debug|Any CPU
		{A848BB06-32F4-4EEC-9454-9FFE572627A7}.Debug|ARM64.ActiveCfg = Debug|Any CPU
		{A848BB06-32F4-4EEC-9454-9FFE572627A7}.Debug|ARM64.Build.0 = Debug|Any CPU
		{A848BB06-32F4-4EEC-9454-9FFE572627A7}.Debug|x64.ActiveCfg = Debug|Any CPU
		{A848BB06-32F4-4EEC-9454-9FFE572627A7}.Debug|x64.Build.0 = Debug|Any CPU
		{A848BB06-32F4-4EEC-9454-9FFE572627A7}.Debug|x86.ActiveCfg = Debug|Any CPU
		{A848BB06-32F4-4EEC-9454-9FFE572627A7}.Debug|x86.Build.0 = Debug|Any CPU
		{A848BB06-32F4-4EEC-9454-9FFE572627A7}.Release|Any CPU.ActiveCfg = Release|Any CPU
		{A848BB06-32F4-4EEC-9454-9FFE572627A7}.Release|Any CPU.Build.0 = Release|Any CPU
		{A848BB06-32F4-4EEC-9454-9FFE572627A7}.Release|ARM.ActiveCfg = Release|Any CPU
		{A848BB06-32F4-4EEC-9454-9FFE572627A7}.Release|ARM.Build.0 = Release|Any CPU
		{A848BB06-32F4-4EEC-9454-9FFE572627A7}.Release|ARM64.ActiveCfg = Release|Any CPU
		{A848BB06-32F4-4EEC-9454-9FFE572627A7}.Release|ARM64.Build.0 = Release|Any CPU
		{A848BB06-32F4-4EEC-9454-9FFE572627A7}.Release|x64.ActiveCfg = Release|Any CPU
		{A848BB06-32F4-4EEC-9454-9FFE572627A7}.Release|x64.Build.0 = Release|Any CPU
		{A848BB06-32F4-4EEC-9454-9FFE572627A7}.Release|x86.ActiveCfg = Release|Any CPU
		{A848BB06-32F4-4EEC-9454-9FFE572627A7}.Release|x86.Build.0 = Release|Any CPU
		{C6A49DBC-D423-48DD-BDDD-644999C4936D}.Debug|Any CPU.ActiveCfg = Debug|Any CPU
		{C6A49DBC-D423-48DD-BDDD-644999C4936D}.Debug|Any CPU.Build.0 = Debug|Any CPU
		{C6A49DBC-D423-48DD-BDDD-644999C4936D}.Debug|ARM.ActiveCfg = Debug|Any CPU
		{C6A49DBC-D423-48DD-BDDD-644999C4936D}.Debug|ARM.Build.0 = Debug|Any CPU
		{C6A49DBC-D423-48DD-BDDD-644999C4936D}.Debug|ARM64.ActiveCfg = Debug|Any CPU
		{C6A49DBC-D423-48DD-BDDD-644999C4936D}.Debug|ARM64.Build.0 = Debug|Any CPU
		{C6A49DBC-D423-48DD-BDDD-644999C4936D}.Debug|x64.ActiveCfg = Debug|Any CPU
		{C6A49DBC-D423-48DD-BDDD-644999C4936D}.Debug|x64.Build.0 = Debug|Any CPU
		{C6A49DBC-D423-48DD-BDDD-644999C4936D}.Debug|x86.ActiveCfg = Debug|Any CPU
		{C6A49DBC-D423-48DD-BDDD-644999C4936D}.Debug|x86.Build.0 = Debug|Any CPU
		{C6A49DBC-D423-48DD-BDDD-644999C4936D}.Release|Any CPU.ActiveCfg = Release|Any CPU
		{C6A49DBC-D423-48DD-BDDD-644999C4936D}.Release|Any CPU.Build.0 = Release|Any CPU
		{C6A49DBC-D423-48DD-BDDD-644999C4936D}.Release|ARM.ActiveCfg = Release|Any CPU
		{C6A49DBC-D423-48DD-BDDD-644999C4936D}.Release|ARM.Build.0 = Release|Any CPU
		{C6A49DBC-D423-48DD-BDDD-644999C4936D}.Release|ARM64.ActiveCfg = Release|Any CPU
		{C6A49DBC-D423-48DD-BDDD-644999C4936D}.Release|ARM64.Build.0 = Release|Any CPU
		{C6A49DBC-D423-48DD-BDDD-644999C4936D}.Release|x64.ActiveCfg = Release|Any CPU
		{C6A49DBC-D423-48DD-BDDD-644999C4936D}.Release|x64.Build.0 = Release|Any CPU
		{C6A49DBC-D423-48DD-BDDD-644999C4936D}.Release|x86.ActiveCfg = Release|Any CPU
		{C6A49DBC-D423-48DD-BDDD-644999C4936D}.Release|x86.Build.0 = Release|Any CPU
		{23A87637-F6FB-4846-B3AB-2FBCE725F720}.Debug|Any CPU.ActiveCfg = Debug|Any CPU
		{23A87637-F6FB-4846-B3AB-2FBCE725F720}.Debug|Any CPU.Build.0 = Debug|Any CPU
		{23A87637-F6FB-4846-B3AB-2FBCE725F720}.Debug|ARM.ActiveCfg = Debug|Any CPU
		{23A87637-F6FB-4846-B3AB-2FBCE725F720}.Debug|ARM.Build.0 = Debug|Any CPU
		{23A87637-F6FB-4846-B3AB-2FBCE725F720}.Debug|ARM64.ActiveCfg = Debug|Any CPU
		{23A87637-F6FB-4846-B3AB-2FBCE725F720}.Debug|ARM64.Build.0 = Debug|Any CPU
		{23A87637-F6FB-4846-B3AB-2FBCE725F720}.Debug|x64.ActiveCfg = Debug|Any CPU
		{23A87637-F6FB-4846-B3AB-2FBCE725F720}.Debug|x64.Build.0 = Debug|Any CPU
		{23A87637-F6FB-4846-B3AB-2FBCE725F720}.Debug|x86.ActiveCfg = Debug|Any CPU
		{23A87637-F6FB-4846-B3AB-2FBCE725F720}.Debug|x86.Build.0 = Debug|Any CPU
		{23A87637-F6FB-4846-B3AB-2FBCE725F720}.Release|Any CPU.ActiveCfg = Release|Any CPU
		{23A87637-F6FB-4846-B3AB-2FBCE725F720}.Release|Any CPU.Build.0 = Release|Any CPU
		{23A87637-F6FB-4846-B3AB-2FBCE725F720}.Release|ARM.ActiveCfg = Release|Any CPU
		{23A87637-F6FB-4846-B3AB-2FBCE725F720}.Release|ARM.Build.0 = Release|Any CPU
		{23A87637-F6FB-4846-B3AB-2FBCE725F720}.Release|ARM64.ActiveCfg = Release|Any CPU
		{23A87637-F6FB-4846-B3AB-2FBCE725F720}.Release|ARM64.Build.0 = Release|Any CPU
		{23A87637-F6FB-4846-B3AB-2FBCE725F720}.Release|x64.ActiveCfg = Release|Any CPU
		{23A87637-F6FB-4846-B3AB-2FBCE725F720}.Release|x64.Build.0 = Release|Any CPU
		{23A87637-F6FB-4846-B3AB-2FBCE725F720}.Release|x86.ActiveCfg = Release|Any CPU
		{23A87637-F6FB-4846-B3AB-2FBCE725F720}.Release|x86.Build.0 = Release|Any CPU
	EndGlobalSection
	GlobalSection(SolutionProperties) = preSolution
		HideSolutionNode = FALSE
	EndGlobalSection
	GlobalSection(NestedProjects) = preSolution
		{CDC12210-C14E-44EA-992C-DEE1DBC4E5A4} = {A897B7FB-C1F6-44A6-B55A-873D5B39C851}
		{2774F1C3-EDEE-45B3-A3E0-A0C0B5795519} = {3E1F44D3-26EA-4192-B7C4-C97DD59B7429}
		{A848BB06-32F4-4EEC-9454-9FFE572627A7} = {BB0A997D-E919-4482-98CF-1B20B708161A}
		{C6A49DBC-D423-48DD-BDDD-644999C4936D} = {BB0A997D-E919-4482-98CF-1B20B708161A}
		{23A87637-F6FB-4846-B3AB-2FBCE725F720} = {BB0A997D-E919-4482-98CF-1B20B708161A}
	EndGlobalSection
	GlobalSection(ExtensibilityGlobals) = postSolution
		SolutionGuid = {305E9237-9D3F-4434-842B-56E49F429EA1}
	EndGlobalSection
EndGlobal
